// !$*UTF8*$!
{
	archiveVersion = 1;
	classes = {
	};
	objectVersion = 55;
	objects = {

/* Begin PBXBuildFile section */
		84DE09922978F99000B8EC67 /* AppDelegate.swift in Sources */ = {isa = PBXBuildFile; fileRef = 84DE09912978F99000B8EC67 /* AppDelegate.swift */; };
		84DE09942978F99000B8EC67 /* SceneDelegate.swift in Sources */ = {isa = PBXBuildFile; fileRef = 84DE09932978F99000B8EC67 /* SceneDelegate.swift */; };
		84DE09962978F99000B8EC67 /* ViewController.swift in Sources */ = {isa = PBXBuildFile; fileRef = 84DE09952978F99000B8EC67 /* ViewController.swift */; };
		84DE09992978F99000B8EC67 /* Main.storyboard in Resources */ = {isa = PBXBuildFile; fileRef = 84DE09972978F99000B8EC67 /* Main.storyboard */; };
		84DE099B2978F99200B8EC67 /* Assets.xcassets in Resources */ = {isa = PBXBuildFile; fileRef = 84DE099A2978F99200B8EC67 /* Assets.xcassets */; };
		84DE099E2978F99200B8EC67 /* LaunchScreen.storyboard in Resources */ = {isa = PBXBuildFile; fileRef = 84DE099C2978F99200B8EC67 /* LaunchScreen.storyboard */; };
		84DE09A92978F99200B8EC67 /* Combine_Demo2Tests.swift in Sources */ = {isa = PBXBuildFile; fileRef = 84DE09A82978F99200B8EC67 /* Combine_Demo2Tests.swift */; };
		84DE09B32978F99200B8EC67 /* Combine_Demo2UITests.swift in Sources */ = {isa = PBXBuildFile; fileRef = 84DE09B22978F99200B8EC67 /* Combine_Demo2UITests.swift */; };
		84DE09B52978F99200B8EC67 /* Combine_Demo2UITestsLaunchTests.swift in Sources */ = {isa = PBXBuildFile; fileRef = 84DE09B42978F99200B8EC67 /* Combine_Demo2UITestsLaunchTests.swift */; };
/* End PBXBuildFile section */

/* Begin PBXContainerItemProxy section */
		84DE09A52978F99200B8EC67 /* PBXContainerItemProxy */ = {
			isa = PBXContainerItemProxy;
			containerPortal = 84DE09862978F99000B8EC67 /* Project object */;
			proxyType = 1;
			remoteGlobalIDString = 84DE098D2978F99000B8EC67;
			remoteInfo = Combine_Demo2;
		};
		84DE09AF2978F99200B8EC67 /* PBXContainerItemProxy */ = {
			isa = PBXContainerItemProxy;
			containerPortal = 84DE09862978F99000B8EC67 /* Project object */;
			proxyType = 1;
			remoteGlobalIDString = 84DE098D2978F99000B8EC67;
			remoteInfo = Combine_Demo2;
		};
/* End PBXContainerItemProxy section */

/* Begin PBXFileReference section */
		84DE098E2978F99000B8EC67 /* Combine_Demo2.app */ = {isa = PBXFileReference; explicitFileType = wrapper.application; includeInIndex = 0; path = Combine_Demo2.app; sourceTree = BUILT_PRODUCTS_DIR; };
		84DE09912978F99000B8EC67 /* AppDelegate.swift */ = {isa = PBXFileReference; lastKnownFileType = sourcecode.swift; path = AppDelegate.swift; sourceTree = "<group>"; };
		84DE09932978F99000B8EC67 /* SceneDelegate.swift */ = {isa = PBXFileReference; lastKnownFileType = sourcecode.swift; path = SceneDelegate.swift; sourceTree = "<group>"; };
		84DE09952978F99000B8EC67 /* ViewController.swift */ = {isa = PBXFileReference; lastKnownFileType = sourcecode.swift; path = ViewController.swift; sourceTree = "<group>"; };
		84DE09982978F99000B8EC67 /* Base */ = {isa = PBXFileReference; lastKnownFileType = file.storyboard; name = Base; path = Base.lproj/Main.storyboard; sourceTree = "<group>"; };
		84DE099A2978F99200B8EC67 /* Assets.xcassets */ = {isa = PBXFileReference; lastKnownFileType = folder.assetcatalog; path = Assets.xcassets; sourceTree = "<group>"; };
		84DE099D2978F99200B8EC67 /* Base */ = {isa = PBXFileReference; lastKnownFileType = file.storyboard; name = Base; path = Base.lproj/LaunchScreen.storyboard; sourceTree = "<group>"; };
		84DE099F2978F99200B8EC67 /* Info.plist */ = {isa = PBXFileReference; lastKnownFileType = text.plist.xml; path = Info.plist; sourceTree = "<group>"; };
		84DE09A42978F99200B8EC67 /* Combine_Demo2Tests.xctest */ = {isa = PBXFileReference; explicitFileType = wrapper.cfbundle; includeInIndex = 0; path = Combine_Demo2Tests.xctest; sourceTree = BUILT_PRODUCTS_DIR; };
		84DE09A82978F99200B8EC67 /* Combine_Demo2Tests.swift */ = {isa = PBXFileReference; lastKnownFileType = sourcecode.swift; path = Combine_Demo2Tests.swift; sourceTree = "<group>"; };
		84DE09AE2978F99200B8EC67 /* Combine_Demo2UITests.xctest */ = {isa = PBXFileReference; explicitFileType = wrapper.cfbundle; includeInIndex = 0; path = Combine_Demo2UITests.xctest; sourceTree = BUILT_PRODUCTS_DIR; };
		84DE09B22978F99200B8EC67 /* Combine_Demo2UITests.swift */ = {isa = PBXFileReference; lastKnownFileType = sourcecode.swift; path = Combine_Demo2UITests.swift; sourceTree = "<group>"; };
		84DE09B42978F99200B8EC67 /* Combine_Demo2UITestsLaunchTests.swift */ = {isa = PBXFileReference; lastKnownFileType = sourcecode.swift; path = Combine_Demo2UITestsLaunchTests.swift; sourceTree = "<group>"; };
/* End PBXFileReference section */

/* Begin PBXFrameworksBuildPhase section */
		84DE098B2978F99000B8EC67 /* Frameworks */ = {
			isa = PBXFrameworksBuildPhase;
			buildActionMask = 2147483647;
			files = (
			);
			runOnlyForDeploymentPostprocessing = 0;
		};
		84DE09A12978F99200B8EC67 /* Frameworks */ = {
			isa = PBXFrameworksBuildPhase;
			buildActionMask = 2147483647;
			files = (
			);
			runOnlyForDeploymentPostprocessing = 0;
		};
		84DE09AB2978F99200B8EC67 /* Frameworks */ = {
			isa = PBXFrameworksBuildPhase;
			buildActionMask = 2147483647;
			files = (
			);
			runOnlyForDeploymentPostprocessing = 0;
		};
/* End PBXFrameworksBuildPhase section */

/* Begin PBXGroup section */
		84DE09852978F99000B8EC67 = {
			isa = PBXGroup;
			children = (
				84DE09902978F99000B8EC67 /* Combine_Demo2 */,
				84DE09A72978F99200B8EC67 /* Combine_Demo2Tests */,
				84DE09B12978F99200B8EC67 /* Combine_Demo2UITests */,
				84DE098F2978F99000B8EC67 /* Products */,
			);
			sourceTree = "<group>";
		};
		84DE098F2978F99000B8EC67 /* Products */ = {
			isa = PBXGroup;
			children = (
				84DE098E2978F99000B8EC67 /* Combine_Demo2.app */,
				84DE09A42978F99200B8EC67 /* Combine_Demo2Tests.xctest */,
				84DE09AE2978F99200B8EC67 /* Combine_Demo2UITests.xctest */,
			);
			name = Products;
			sourceTree = "<group>";
		};
		84DE09902978F99000B8EC67 /* Combine_Demo2 */ = {
			isa = PBXGroup;
			children = (
				84DE09912978F99000B8EC67 /* AppDelegate.swift */,
				84DE09932978F99000B8EC67 /* SceneDelegate.swift */,
				84DE09952978F99000B8EC67 /* ViewController.swift */,
				84DE09972978F99000B8EC67 /* Main.storyboard */,
				84DE099A2978F99200B8EC67 /* Assets.xcassets */,
				84DE099C2978F99200B8EC67 /* LaunchScreen.storyboard */,
				84DE099F2978F99200B8EC67 /* Info.plist */,
			);
			path = Combine_Demo2;
			sourceTree = "<group>";
		};
		84DE09A72978F99200B8EC67 /* Combine_Demo2Tests */ = {
			isa = PBXGroup;
			children = (
				84DE09A82978F99200B8EC67 /* Combine_Demo2Tests.swift */,
			);
			path = Combine_Demo2Tests;
			sourceTree = "<group>";
		};
		84DE09B12978F99200B8EC67 /* Combine_Demo2UITests */ = {
			isa = PBXGroup;
			children = (
				84DE09B22978F99200B8EC67 /* Combine_Demo2UITests.swift */,
				84DE09B42978F99200B8EC67 /* Combine_Demo2UITestsLaunchTests.swift */,
			);
			path = Combine_Demo2UITests;
			sourceTree = "<group>";
		};
/* End PBXGroup section */

/* Begin PBXNativeTarget section */
		84DE098D2978F99000B8EC67 /* Combine_Demo2 */ = {
			isa = PBXNativeTarget;
			buildConfigurationList = 84DE09B82978F99200B8EC67 /* Build configuration list for PBXNativeTarget "Combine_Demo2" */;
			buildPhases = (
				84DE098A2978F99000B8EC67 /* Sources */,
				84DE098B2978F99000B8EC67 /* Frameworks */,
				84DE098C2978F99000B8EC67 /* Resources */,
			);
			buildRules = (
			);
			dependencies = (
			);
			name = Combine_Demo2;
			productName = Combine_Demo2;
			productReference = 84DE098E2978F99000B8EC67 /* Combine_Demo2.app */;
			productType = "com.apple.product-type.application";
		};
		84DE09A32978F99200B8EC67 /* Combine_Demo2Tests */ = {
			isa = PBXNativeTarget;
			buildConfigurationList = 84DE09BB2978F99200B8EC67 /* Build configuration list for PBXNativeTarget "Combine_Demo2Tests" */;
			buildPhases = (
				84DE09A02978F99200B8EC67 /* Sources */,
				84DE09A12978F99200B8EC67 /* Frameworks */,
				84DE09A22978F99200B8EC67 /* Resources */,
			);
			buildRules = (
			);
			dependencies = (
				84DE09A62978F99200B8EC67 /* PBXTargetDependency */,
			);
			name = Combine_Demo2Tests;
			productName = Combine_Demo2Tests;
			productReference = 84DE09A42978F99200B8EC67 /* Combine_Demo2Tests.xctest */;
			productType = "com.apple.product-type.bundle.unit-test";
		};
		84DE09AD2978F99200B8EC67 /* Combine_Demo2UITests */ = {
			isa = PBXNativeTarget;
			buildConfigurationList = 84DE09BE2978F99200B8EC67 /* Build configuration list for PBXNativeTarget "Combine_Demo2UITests" */;
			buildPhases = (
				84DE09AA2978F99200B8EC67 /* Sources */,
				84DE09AB2978F99200B8EC67 /* Frameworks */,
				84DE09AC2978F99200B8EC67 /* Resources */,
			);
			buildRules = (
			);
			dependencies = (
				84DE09B02978F99200B8EC67 /* PBXTargetDependency */,
			);
			name = Combine_Demo2UITests;
			productName = Combine_Demo2UITests;
			productReference = 84DE09AE2978F99200B8EC67 /* Combine_Demo2UITests.xctest */;
			productType = "com.apple.product-type.bundle.ui-testing";
		};
/* End PBXNativeTarget section */

/* Begin PBXProject section */
		84DE09862978F99000B8EC67 /* Project object */ = {
			isa = PBXProject;
			attributes = {
				BuildIndependentTargetsInParallel = 1;
				LastSwiftUpdateCheck = 1300;
				LastUpgradeCheck = 1300;
				TargetAttributes = {
					84DE098D2978F99000B8EC67 = {
						CreatedOnToolsVersion = 13.0;
					};
					84DE09A32978F99200B8EC67 = {
						CreatedOnToolsVersion = 13.0;
						TestTargetID = 84DE098D2978F99000B8EC67;
					};
					84DE09AD2978F99200B8EC67 = {
						CreatedOnToolsVersion = 13.0;
						TestTargetID = 84DE098D2978F99000B8EC67;
					};
				};
			};
			buildConfigurationList = 84DE09892978F99000B8EC67 /* Build configuration list for PBXProject "Combine_Demo2" */;
			compatibilityVersion = "Xcode 13.0";
			developmentRegion = en;
			hasScannedForEncodings = 0;
			knownRegions = (
				en,
				Base,
			);
			mainGroup = 84DE09852978F99000B8EC67;
			productRefGroup = 84DE098F2978F99000B8EC67 /* Products */;
			projectDirPath = "";
			projectRoot = "";
			targets = (
				84DE098D2978F99000B8EC67 /* Combine_Demo2 */,
				84DE09A32978F99200B8EC67 /* Combine_Demo2Tests */,
				84DE09AD2978F99200B8EC67 /* Combine_Demo2UITests */,
			);
		};
/* End PBXProject section */

/* Begin PBXResourcesBuildPhase section */
		84DE098C2978F99000B8EC67 /* Resources */ = {
			isa = PBXResourcesBuildPhase;
			buildActionMask = 2147483647;
			files = (
				84DE099E2978F99200B8EC67 /* LaunchScreen.storyboard in Resources */,
				84DE099B2978F99200B8EC67 /* Assets.xcassets in Resources */,
				84DE09992978F99000B8EC67 /* Main.storyboard in Resources */,
			);
			runOnlyForDeploymentPostprocessing = 0;
		};
		84DE09A22978F99200B8EC67 /* Resources */ = {
			isa = PBXResourcesBuildPhase;
			buildActionMask = 2147483647;
			files = (
			);
			runOnlyForDeploymentPostprocessing = 0;
		};
		84DE09AC2978F99200B8EC67 /* Resources */ = {
			isa = PBXResourcesBuildPhase;
			buildActionMask = 2147483647;
			files = (
			);
			runOnlyForDeploymentPostprocessing = 0;
		};
/* End PBXResourcesBuildPhase section */

/* Begin PBXSourcesBuildPhase section */
		84DE098A2978F99000B8EC67 /* Sources */ = {
			isa = PBXSourcesBuildPhase;
			buildActionMask = 2147483647;
			files = (
				84DE09962978F99000B8EC67 /* ViewController.swift in Sources */,
				84DE09922978F99000B8EC67 /* AppDelegate.swift in Sources */,
				84DE09942978F99000B8EC67 /* SceneDelegate.swift in Sources */,
			);
			runOnlyForDeploymentPostprocessing = 0;
		};
		84DE09A02978F99200B8EC67 /* Sources */ = {
			isa = PBXSourcesBuildPhase;
			buildActionMask = 2147483647;
			files = (
				84DE09A92978F99200B8EC67 /* Combine_Demo2Tests.swift in Sources */,
			);
			runOnlyForDeploymentPostprocessing = 0;
		};
		84DE09AA2978F99200B8EC67 /* Sources */ = {
			isa = PBXSourcesBuildPhase;
			buildActionMask = 2147483647;
			files = (
				84DE09B52978F99200B8EC67 /* Combine_Demo2UITestsLaunchTests.swift in Sources */,
				84DE09B32978F99200B8EC67 /* Combine_Demo2UITests.swift in Sources */,
			);
			runOnlyForDeploymentPostprocessing = 0;
		};
/* End PBXSourcesBuildPhase section */

/* Begin PBXTargetDependency section */
		84DE09A62978F99200B8EC67 /* PBXTargetDependency */ = {
			isa = PBXTargetDependency;
			target = 84DE098D2978F99000B8EC67 /* Combine_Demo2 */;
			targetProxy = 84DE09A52978F99200B8EC67 /* PBXContainerItemProxy */;
		};
		84DE09B02978F99200B8EC67 /* PBXTargetDependency */ = {
			isa = PBXTargetDependency;
			target = 84DE098D2978F99000B8EC67 /* Combine_Demo2 */;
			targetProxy = 84DE09AF2978F99200B8EC67 /* PBXContainerItemProxy */;
		};
/* End PBXTargetDependency section */

/* Begin PBXVariantGroup section */
		84DE09972978F99000B8EC67 /* Main.storyboard */ = {
			isa = PBXVariantGroup;
			children = (
				84DE09982978F99000B8EC67 /* Base */,
			);
			name = Main.storyboard;
			sourceTree = "<group>";
		};
		84DE099C2978F99200B8EC67 /* LaunchScreen.storyboard */ = {
			isa = PBXVariantGroup;
			children = (
				84DE099D2978F99200B8EC67 /* Base */,
			);
			name = LaunchScreen.storyboard;
			sourceTree = "<group>";
		};
/* End PBXVariantGroup section */

/* Begin XCBuildConfiguration section */
		84DE09B62978F99200B8EC67 /* Debug */ = {
			isa = XCBuildConfiguration;
			buildSettings = {
				ALWAYS_SEARCH_USER_PATHS = NO;
				CLANG_ANALYZER_NONNULL = YES;
				CLANG_ANALYZER_NUMBER_OBJECT_CONVERSION = YES_AGGRESSIVE;
				CLANG_CXX_LANGUAGE_STANDARD = "gnu++17";
				CLANG_CXX_LIBRARY = "libc++";
				CLANG_ENABLE_MODULES = YES;
				CLANG_ENABLE_OBJC_ARC = YES;
				CLANG_ENABLE_OBJC_WEAK = YES;
				CLANG_WARN_BLOCK_CAPTURE_AUTORELEASING = YES;
				CLANG_WARN_BOOL_CONVERSION = YES;
				CLANG_WARN_COMMA = YES;
				CLANG_WARN_CONSTANT_CONVERSION = YES;
				CLANG_WARN_DEPRECATED_OBJC_IMPLEMENTATIONS = YES;
				CLANG_WARN_DIRECT_OBJC_ISA_USAGE = YES_ERROR;
				CLANG_WARN_DOCUMENTATION_COMMENTS = YES;
				CLANG_WARN_EMPTY_BODY = YES;
				CLANG_WARN_ENUM_CONVERSION = YES;
				CLANG_WARN_INFINITE_RECURSION = YES;
				CLANG_WARN_INT_CONVERSION = YES;
				CLANG_WARN_NON_LITERAL_NULL_CONVERSION = YES;
				CLANG_WARN_OBJC_IMPLICIT_RETAIN_SELF = YES;
				CLANG_WARN_OBJC_LITERAL_CONVERSION = YES;
				CLANG_WARN_OBJC_ROOT_CLASS = YES_ERROR;
				CLANG_WARN_QUOTED_INCLUDE_IN_FRAMEWORK_HEADER = YES;
				CLANG_WARN_RANGE_LOOP_ANALYSIS = YES;
				CLANG_WARN_STRICT_PROTOTYPES = YES;
				CLANG_WARN_SUSPICIOUS_MOVE = YES;
				CLANG_WARN_UNGUARDED_AVAILABILITY = YES_AGGRESSIVE;
				CLANG_WARN_UNREACHABLE_CODE = YES;
				CLANG_WARN__DUPLICATE_METHOD_MATCH = YES;
				COPY_PHASE_STRIP = NO;
				DEBUG_INFORMATION_FORMAT = dwarf;
				ENABLE_STRICT_OBJC_MSGSEND = YES;
				ENABLE_TESTABILITY = YES;
				GCC_C_LANGUAGE_STANDARD = gnu11;
				GCC_DYNAMIC_NO_PIC = NO;
				GCC_NO_COMMON_BLOCKS = YES;
				GCC_OPTIMIZATION_LEVEL = 0;
				GCC_PREPROCESSOR_DEFINITIONS = (
					"DEBUG=1",
					"$(inherited)",
				);
				GCC_WARN_64_TO_32_BIT_CONVERSION = YES;
				GCC_WARN_ABOUT_RETURN_TYPE = YES_ERROR;
				GCC_WARN_UNDECLARED_SELECTOR = YES;
				GCC_WARN_UNINITIALIZED_AUTOS = YES_AGGRESSIVE;
				GCC_WARN_UNUSED_FUNCTION = YES;
				GCC_WARN_UNUSED_VARIABLE = YES;
				IPHONEOS_DEPLOYMENT_TARGET = 15.0;
				MTL_ENABLE_DEBUG_INFO = INCLUDE_SOURCE;
				MTL_FAST_MATH = YES;
				ONLY_ACTIVE_ARCH = YES;
				SDKROOT = iphoneos;
				SWIFT_ACTIVE_COMPILATION_CONDITIONS = DEBUG;
				SWIFT_OPTIMIZATION_LEVEL = "-Onone";
			};
			name = Debug;
		};
		84DE09B72978F99200B8EC67 /* Release */ = {
			isa = XCBuildConfiguration;
			buildSettings = {
				ALWAYS_SEARCH_USER_PATHS = NO;
				CLANG_ANALYZER_NONNULL = YES;
				CLANG_ANALYZER_NUMBER_OBJECT_CONVERSION = YES_AGGRESSIVE;
				CLANG_CXX_LANGUAGE_STANDARD = "gnu++17";
				CLANG_CXX_LIBRARY = "libc++";
				CLANG_ENABLE_MODULES = YES;
				CLANG_ENABLE_OBJC_ARC = YES;
				CLANG_ENABLE_OBJC_WEAK = YES;
				CLANG_WARN_BLOCK_CAPTURE_AUTORELEASING = YES;
				CLANG_WARN_BOOL_CONVERSION = YES;
				CLANG_WARN_COMMA = YES;
				CLANG_WARN_CONSTANT_CONVERSION = YES;
				CLANG_WARN_DEPRECATED_OBJC_IMPLEMENTATIONS = YES;
				CLANG_WARN_DIRECT_OBJC_ISA_USAGE = YES_ERROR;
				CLANG_WARN_DOCUMENTATION_COMMENTS = YES;
				CLANG_WARN_EMPTY_BODY = YES;
				CLANG_WARN_ENUM_CONVERSION = YES;
				CLANG_WARN_INFINITE_RECURSION = YES;
				CLANG_WARN_INT_CONVERSION = YES;
				CLANG_WARN_NON_LITERAL_NULL_CONVERSION = YES;
				CLANG_WARN_OBJC_IMPLICIT_RETAIN_SELF = YES;
				CLANG_WARN_OBJC_LITERAL_CONVERSION = YES;
				CLANG_WARN_OBJC_ROOT_CLASS = YES_ERROR;
				CLANG_WARN_QUOTED_INCLUDE_IN_FRAMEWORK_HEADER = YES;
				CLANG_WARN_RANGE_LOOP_ANALYSIS = YES;
				CLANG_WARN_STRICT_PROTOTYPES = YES;
				CLANG_WARN_SUSPICIOUS_MOVE = YES;
				CLANG_WARN_UNGUARDED_AVAILABILITY = YES_AGGRESSIVE;
				CLANG_WARN_UNREACHABLE_CODE = YES;
				CLANG_WARN__DUPLICATE_METHOD_MATCH = YES;
				COPY_PHASE_STRIP = NO;
				DEBUG_INFORMATION_FORMAT = "dwarf-with-dsym";
				ENABLE_NS_ASSERTIONS = NO;
				ENABLE_STRICT_OBJC_MSGSEND = YES;
				GCC_C_LANGUAGE_STANDARD = gnu11;
				GCC_NO_COMMON_BLOCKS = YES;
				GCC_WARN_64_TO_32_BIT_CONVERSION = YES;
				GCC_WARN_ABOUT_RETURN_TYPE = YES_ERROR;
				GCC_WARN_UNDECLARED_SELECTOR = YES;
				GCC_WARN_UNINITIALIZED_AUTOS = YES_AGGRESSIVE;
				GCC_WARN_UNUSED_FUNCTION = YES;
				GCC_WARN_UNUSED_VARIABLE = YES;
				IPHONEOS_DEPLOYMENT_TARGET = 15.0;
				MTL_ENABLE_DEBUG_INFO = NO;
				MTL_FAST_MATH = YES;
				SDKROOT = iphoneos;
				SWIFT_COMPILATION_MODE = wholemodule;
				SWIFT_OPTIMIZATION_LEVEL = "-O";
				VALIDATE_PRODUCT = YES;
			};
			name = Release;
		};
		84DE09B92978F99200B8EC67 /* Debug */ = {
			isa = XCBuildConfiguration;
			buildSettings = {
				ASSETCATALOG_COMPILER_APPICON_NAME = AppIcon;
				ASSETCATALOG_COMPILER_GLOBAL_ACCENT_COLOR_NAME = AccentColor;
				CODE_SIGN_STYLE = Automatic;
				CURRENT_PROJECT_VERSION = 1;
				GENERATE_INFOPLIST_FILE = YES;
				INFOPLIST_FILE = Combine_Demo2/Info.plist;
				INFOPLIST_KEY_UIApplicationSupportsIndirectInputEvents = YES;
				INFOPLIST_KEY_UILaunchStoryboardName = LaunchScreen;
				INFOPLIST_KEY_UIMainStoryboardFile = Main;
				INFOPLIST_KEY_UISupportedInterfaceOrientations_iPad = "UIInterfaceOrientationPortrait UIInterfaceOrientationPortraitUpsideDown UIInterfaceOrientationLandscapeLeft UIInterfaceOrientationLandscapeRight";
				INFOPLIST_KEY_UISupportedInterfaceOrientations_iPhone = "UIInterfaceOrientationPortrait UIInterfaceOrientationLandscapeLeft UIInterfaceOrientationLandscapeRight";
				LD_RUNPATH_SEARCH_PATHS = (
					"$(inherited)",
					"@executable_path/Frameworks",
				);
				MARKETING_VERSION = 1.0;
				PRODUCT_BUNDLE_IDENTIFIER = "com.mac.Combine-Demo2";
				PRODUCT_NAME = "$(TARGET_NAME)";
				SWIFT_EMIT_LOC_STRINGS = YES;
				SWIFT_VERSION = 5.0;
				TARGETED_DEVICE_FAMILY = "1,2";
			};
			name = Debug;
		};
		84DE09BA2978F99200B8EC67 /* Release */ = {
			isa = XCBuildConfiguration;
			buildSettings = {
				ASSETCATALOG_COMPILER_APPICON_NAME = AppIcon;
				ASSETCATALOG_COMPILER_GLOBAL_ACCENT_COLOR_NAME = AccentColor;
				CODE_SIGN_STYLE = Automatic;
				CURRENT_PROJECT_VERSION = 1;
				GENERATE_INFOPLIST_FILE = YES;
				INFOPLIST_FILE = Combine_Demo2/Info.plist;
				INFOPLIST_KEY_UIApplicationSupportsIndirectInputEvents = YES;
				INFOPLIST_KEY_UILaunchStoryboardName = LaunchScreen;
				INFOPLIST_KEY_UIMainStoryboardFile = Main;
				INFOPLIST_KEY_UISupportedInterfaceOrientations_iPad = "UIInterfaceOrientationPortrait UIInterfaceOrientationPortraitUpsideDown UIInterfaceOrientationLandscapeLeft UIInterfaceOrientationLandscapeRight";
				INFOPLIST_KEY_UISupportedInterfaceOrientations_iPhone = "UIInterfaceOrientationPortrait UIInterfaceOrientationLandscapeLeft UIInterfaceOrientationLandscapeRight";
				LD_RUNPATH_SEARCH_PATHS = (
					"$(inherited)",
					"@executable_path/Frameworks",
				);
				MARKETING_VERSION = 1.0;
				PRODUCT_BUNDLE_IDENTIFIER = "com.mac.Combine-Demo2";
				PRODUCT_NAME = "$(TARGET_NAME)";
				SWIFT_EMIT_LOC_STRINGS = YES;
				SWIFT_VERSION = 5.0;
				TARGETED_DEVICE_FAMILY = "1,2";
			};
			name = Release;
		};
		84DE09BC2978F99200B8EC67 /* Debug */ = {
			isa = XCBuildConfiguration;
			buildSettings = {
				ALWAYS_EMBED_SWIFT_STANDARD_LIBRARIES = YES;
				BUNDLE_LOADER = "$(TEST_HOST)";
				CODE_SIGN_STYLE = Automatic;
				CURRENT_PROJECT_VERSION = 1;
				GENERATE_INFOPLIST_FILE = YES;
				IPHONEOS_DEPLOYMENT_TARGET = 15.0;
				LD_RUNPATH_SEARCH_PATHS = (
					"$(inherited)",
					"@executable_path/Frameworks",
					"@loader_path/Frameworks",
				);
				MARKETING_VERSION = 1.0;
				PRODUCT_BUNDLE_IDENTIFIER = "com.mac.Combine-Demo2Tests";
				PRODUCT_NAME = "$(TARGET_NAME)";
				SWIFT_EMIT_LOC_STRINGS = NO;
				SWIFT_VERSION = 5.0;
				TARGETED_DEVICE_FAMILY = "1,2";
				TEST_HOST = "$(BUILT_PRODUCTS_DIR)/Combine_Demo2.app/Combine_Demo2";
			};
			name = Debug;
		};
		84DE09BD2978F99200B8EC67 /* Release */ = {
			isa = XCBuildConfiguration;
			buildSettings = {
				ALWAYS_EMBED_SWIFT_STANDARD_LIBRARIES = YES;
				BUNDLE_LOADER = "$(TEST_HOST)";
				CODE_SIGN_STYLE = Automatic;
				CURRENT_PROJECT_VERSION = 1;
				GENERATE_INFOPLIST_FILE = YES;
				IPHONEOS_DEPLOYMENT_TARGET = 15.0;
				LD_RUNPATH_SEARCH_PATHS = (
					"$(inherited)",
					"@executable_path/Frameworks",
					"@loader_path/Frameworks",
				);
				MARKETING_VERSION = 1.0;
				PRODUCT_BUNDLE_IDENTIFIER = "com.mac.Combine-Demo2Tests";
				PRODUCT_NAME = "$(TARGET_NAME)";
				SWIFT_EMIT_LOC_STRINGS = NO;
				SWIFT_VERSION = 5.0;
				TARGETED_DEVICE_FAMILY = "1,2";
				TEST_HOST = "$(BUILT_PRODUCTS_DIR)/Combine_Demo2.app/Combine_Demo2";
			};
			name = Release;
		};
		84DE09BF2978F99200B8EC67 /* Debug */ = {
			isa = XCBuildConfiguration;
			buildSettings = {
				ALWAYS_EMBED_SWIFT_STANDARD_LIBRARIES = YES;
				CODE_SIGN_STYLE = Automatic;
				CURRENT_PROJECT_VERSION = 1;
				GENERATE_INFOPLIST_FILE = YES;
				LD_RUNPATH_SEARCH_PATHS = (
					"$(inherited)",
					"@executable_path/Frameworks",
					"@loader_path/Frameworks",
				);
				MARKETING_VERSION = 1.0;
				PRODUCT_BUNDLE_IDENTIFIER = "com.mac.Combine-Demo2UITests";
				PRODUCT_NAME = "$(TARGET_NAME)";
				SWIFT_EMIT_LOC_STRINGS = NO;
				SWIFT_VERSION = 5.0;
				TARGETED_DEVICE_FAMILY = "1,2";
				TEST_TARGET_NAME = Combine_Demo2;
			};
			name = Debug;
		};
		84DE09C02978F99200B8EC67 /* Release */ = {
			isa = XCBuildConfiguration;
			buildSettings = {
				ALWAYS_EMBED_SWIFT_STANDARD_LIBRARIES = YES;
				CODE_SIGN_STYLE = Automatic;
				CURRENT_PROJECT_VERSION = 1;
				GENERATE_INFOPLIST_FILE = YES;
				LD_RUNPATH_SEARCH_PATHS = (
					"$(inherited)",
					"@executable_path/Frameworks",
					"@loader_path/Frameworks",
				);
				MARKETING_VERSION = 1.0;
				PRODUCT_BUNDLE_IDENTIFIER = "com.mac.Combine-Demo2UITests";
				PRODUCT_NAME = "$(TARGET_NAME)";
				SWIFT_EMIT_LOC_STRINGS = NO;
				SWIFT_VERSION = 5.0;
				TARGETED_DEVICE_FAMILY = "1,2";
				TEST_TARGET_NAME = Combine_Demo2;
			};
			name = Release;
		};
/* End XCBuildConfiguration section */

/* Begin XCConfigurationList section */
		84DE09892978F99000B8EC67 /* Build configuration list for PBXProject "Combine_Demo2" */ = {
			isa = XCConfigurationList;
			buildConfigurations = (
				84DE09B62978F99200B8EC67 /* Debug */,
				84DE09B72978F99200B8EC67 /* Release */,
			);
			defaultConfigurationIsVisible = 0;
			defaultConfigurationName = Release;
		};
		84DE09B82978F99200B8EC67 /* Build configuration list for PBXNativeTarget "Combine_Demo2" */ = {
			isa = XCConfigurationList;
			buildConfigurations = (
				84DE09B92978F99200B8EC67 /* Debug */,
				84DE09BA2978F99200B8EC67 /* Release */,
			);
			defaultConfigurationIsVisible = 0;
			defaultConfigurationName = Release;
		};
		84DE09BB2978F99200B8EC67 /* Build configuration list for PBXNativeTarget "Combine_Demo2Tests" */ = {
			isa = XCConfigurationList;
			buildConfigurations = (
				84DE09BC2978F99200B8EC67 /* Debug */,
				84DE09BD2978F99200B8EC67 /* Release */,
			);
			defaultConfigurationIsVisible = 0;
			defaultConfigurationName = Release;
		};
		84DE09BE2978F99200B8EC67 /* Build configuration list for PBXNativeTarget "Combine_Demo2UITests" */ = {
			isa = XCConfigurationList;
			buildConfigurations = (
				84DE09BF2978F99200B8EC67 /* Debug */,
				84DE09C02978F99200B8EC67 /* Release */,
			);
			defaultConfigurationIsVisible = 0;
			defaultConfigurationName = Release;
		};
/* End XCConfigurationList section */
	};
	rootObject = 84DE09862978F99000B8EC67 /* Project object */;
}
