// !$*UTF8*$!
{
	archiveVersion = 1;
	classes = {
	};
	objectVersion = 55;
	objects = {

/* Begin PBXBuildFile section */
		84DB5869297925580058BBFF /* AppDelegate.swift in Sources */ = {isa = PBXBuildFile; fileRef = 84DB5868297925580058BBFF /* AppDelegate.swift */; };
		84DB586B297925580058BBFF /* SceneDelegate.swift in Sources */ = {isa = PBXBuildFile; fileRef = 84DB586A297925580058BBFF /* SceneDelegate.swift */; };
		84DB586D297925580058BBFF /* ViewController.swift in Sources */ = {isa = PBXBuildFile; fileRef = 84DB586C297925580058BBFF /* ViewController.swift */; };
		84DB5870297925580058BBFF /* Main.storyboard in Resources */ = {isa = PBXBuildFile; fileRef = 84DB586E297925580058BBFF /* Main.storyboard */; };
		84DB58722979255A0058BBFF /* Assets.xcassets in Resources */ = {isa = PBXBuildFile; fileRef = 84DB58712979255A0058BBFF /* Assets.xcassets */; };
		84DB58752979255A0058BBFF /* LaunchScreen.storyboard in Resources */ = {isa = PBXBuildFile; fileRef = 84DB58732979255A0058BBFF /* LaunchScreen.storyboard */; };
		84DB58802979255A0058BBFF /* Combine_Demo5Tests.swift in Sources */ = {isa = PBXBuildFile; fileRef = 84DB587F2979255A0058BBFF /* Combine_Demo5Tests.swift */; };
		84DB588A2979255A0058BBFF /* Combine_Demo5UITests.swift in Sources */ = {isa = PBXBuildFile; fileRef = 84DB58892979255A0058BBFF /* Combine_Demo5UITests.swift */; };
		84DB588C2979255A0058BBFF /* Combine_Demo5UITestsLaunchTests.swift in Sources */ = {isa = PBXBuildFile; fileRef = 84DB588B2979255A0058BBFF /* Combine_Demo5UITestsLaunchTests.swift */; };
/* End PBXBuildFile section */

/* Begin PBXContainerItemProxy section */
		84DB587C2979255A0058BBFF /* PBXContainerItemProxy */ = {
			isa = PBXContainerItemProxy;
			containerPortal = 84DB585D297925580058BBFF /* Project object */;
			proxyType = 1;
			remoteGlobalIDString = 84DB5864297925580058BBFF;
			remoteInfo = Combine_Demo5;
		};
		84DB58862979255A0058BBFF /* PBXContainerItemProxy */ = {
			isa = PBXContainerItemProxy;
			containerPortal = 84DB585D297925580058BBFF /* Project object */;
			proxyType = 1;
			remoteGlobalIDString = 84DB5864297925580058BBFF;
			remoteInfo = Combine_Demo5;
		};
/* End PBXContainerItemProxy section */

/* Begin PBXFileReference section */
		84DB5865297925580058BBFF /* Combine_Demo5.app */ = {isa = PBXFileReference; explicitFileType = wrapper.application; includeInIndex = 0; path = Combine_Demo5.app; sourceTree = BUILT_PRODUCTS_DIR; };
		84DB5868297925580058BBFF /* AppDelegate.swift */ = {isa = PBXFileReference; lastKnownFileType = sourcecode.swift; path = AppDelegate.swift; sourceTree = "<group>"; };
		84DB586A297925580058BBFF /* SceneDelegate.swift */ = {isa = PBXFileReference; lastKnownFileType = sourcecode.swift; path = SceneDelegate.swift; sourceTree = "<group>"; };
		84DB586C297925580058BBFF /* ViewController.swift */ = {isa = PBXFileReference; lastKnownFileType = sourcecode.swift; path = ViewController.swift; sourceTree = "<group>"; };
		84DB586F297925580058BBFF /* Base */ = {isa = PBXFileReference; lastKnownFileType = file.storyboard; name = Base; path = Base.lproj/Main.storyboard; sourceTree = "<group>"; };
		84DB58712979255A0058BBFF /* Assets.xcassets */ = {isa = PBXFileReference; lastKnownFileType = folder.assetcatalog; path = Assets.xcassets; sourceTree = "<group>"; };
		84DB58742979255A0058BBFF /* Base */ = {isa = PBXFileReference; lastKnownFileType = file.storyboard; name = Base; path = Base.lproj/LaunchScreen.storyboard; sourceTree = "<group>"; };
		84DB58762979255A0058BBFF /* Info.plist */ = {isa = PBXFileReference; lastKnownFileType = text.plist.xml; path = Info.plist; sourceTree = "<group>"; };
		84DB587B2979255A0058BBFF /* Combine_Demo5Tests.xctest */ = {isa = PBXFileReference; explicitFileType = wrapper.cfbundle; includeInIndex = 0; path = Combine_Demo5Tests.xctest; sourceTree = BUILT_PRODUCTS_DIR; };
		84DB587F2979255A0058BBFF /* Combine_Demo5Tests.swift */ = {isa = PBXFileReference; lastKnownFileType = sourcecode.swift; path = Combine_Demo5Tests.swift; sourceTree = "<group>"; };
		84DB58852979255A0058BBFF /* Combine_Demo5UITests.xctest */ = {isa = PBXFileReference; explicitFileType = wrapper.cfbundle; includeInIndex = 0; path = Combine_Demo5UITests.xctest; sourceTree = BUILT_PRODUCTS_DIR; };
		84DB58892979255A0058BBFF /* Combine_Demo5UITests.swift */ = {isa = PBXFileReference; lastKnownFileType = sourcecode.swift; path = Combine_Demo5UITests.swift; sourceTree = "<group>"; };
		84DB588B2979255A0058BBFF /* Combine_Demo5UITestsLaunchTests.swift */ = {isa = PBXFileReference; lastKnownFileType = sourcecode.swift; path = Combine_Demo5UITestsLaunchTests.swift; sourceTree = "<group>"; };
/* End PBXFileReference section */

/* Begin PBXFrameworksBuildPhase section */
		84DB5862297925580058BBFF /* Frameworks */ = {
			isa = PBXFrameworksBuildPhase;
			buildActionMask = 2147483647;
			files = (
			);
			runOnlyForDeploymentPostprocessing = 0;
		};
		84DB58782979255A0058BBFF /* Frameworks */ = {
			isa = PBXFrameworksBuildPhase;
			buildActionMask = 2147483647;
			files = (
			);
			runOnlyForDeploymentPostprocessing = 0;
		};
		84DB58822979255A0058BBFF /* Frameworks */ = {
			isa = PBXFrameworksBuildPhase;
			buildActionMask = 2147483647;
			files = (
			);
			runOnlyForDeploymentPostprocessing = 0;
		};
/* End PBXFrameworksBuildPhase section */

/* Begin PBXGroup section */
		84DB585C297925580058BBFF = {
			isa = PBXGroup;
			children = (
				84DB5867297925580058BBFF /* Combine_Demo5 */,
				84DB587E2979255A0058BBFF /* Combine_Demo5Tests */,
				84DB58882979255A0058BBFF /* Combine_Demo5UITests */,
				84DB5866297925580058BBFF /* Products */,
			);
			sourceTree = "<group>";
		};
		84DB5866297925580058BBFF /* Products */ = {
			isa = PBXGroup;
			children = (
				84DB5865297925580058BBFF /* Combine_Demo5.app */,
				84DB587B2979255A0058BBFF /* Combine_Demo5Tests.xctest */,
				84DB58852979255A0058BBFF /* Combine_Demo5UITests.xctest */,
			);
			name = Products;
			sourceTree = "<group>";
		};
		84DB5867297925580058BBFF /* Combine_Demo5 */ = {
			isa = PBXGroup;
			children = (
				84DB5868297925580058BBFF /* AppDelegate.swift */,
				84DB586A297925580058BBFF /* SceneDelegate.swift */,
				84DB586C297925580058BBFF /* ViewController.swift */,
				84DB586E297925580058BBFF /* Main.storyboard */,
				84DB58712979255A0058BBFF /* Assets.xcassets */,
				84DB58732979255A0058BBFF /* LaunchScreen.storyboard */,
				84DB58762979255A0058BBFF /* Info.plist */,
			);
			path = Combine_Demo5;
			sourceTree = "<group>";
		};
		84DB587E2979255A0058BBFF /* Combine_Demo5Tests */ = {
			isa = PBXGroup;
			children = (
				84DB587F2979255A0058BBFF /* Combine_Demo5Tests.swift */,
			);
			path = Combine_Demo5Tests;
			sourceTree = "<group>";
		};
		84DB58882979255A0058BBFF /* Combine_Demo5UITests */ = {
			isa = PBXGroup;
			children = (
				84DB58892979255A0058BBFF /* Combine_Demo5UITests.swift */,
				84DB588B2979255A0058BBFF /* Combine_Demo5UITestsLaunchTests.swift */,
			);
			path = Combine_Demo5UITests;
			sourceTree = "<group>";
		};
/* End PBXGroup section */

/* Begin PBXNativeTarget section */
		84DB5864297925580058BBFF /* Combine_Demo5 */ = {
			isa = PBXNativeTarget;
			buildConfigurationList = 84DB588F2979255A0058BBFF /* Build configuration list for PBXNativeTarget "Combine_Demo5" */;
			buildPhases = (
				84DB5861297925580058BBFF /* Sources */,
				84DB5862297925580058BBFF /* Frameworks */,
				84DB5863297925580058BBFF /* Resources */,
			);
			buildRules = (
			);
			dependencies = (
			);
			name = Combine_Demo5;
			productName = Combine_Demo5;
			productReference = 84DB5865297925580058BBFF /* Combine_Demo5.app */;
			productType = "com.apple.product-type.application";
		};
		84DB587A2979255A0058BBFF /* Combine_Demo5Tests */ = {
			isa = PBXNativeTarget;
			buildConfigurationList = 84DB58922979255A0058BBFF /* Build configuration list for PBXNativeTarget "Combine_Demo5Tests" */;
			buildPhases = (
				84DB58772979255A0058BBFF /* Sources */,
				84DB58782979255A0058BBFF /* Frameworks */,
				84DB58792979255A0058BBFF /* Resources */,
			);
			buildRules = (
			);
			dependencies = (
				84DB587D2979255A0058BBFF /* PBXTargetDependency */,
			);
			name = Combine_Demo5Tests;
			productName = Combine_Demo5Tests;
			productReference = 84DB587B2979255A0058BBFF /* Combine_Demo5Tests.xctest */;
			productType = "com.apple.product-type.bundle.unit-test";
		};
		84DB58842979255A0058BBFF /* Combine_Demo5UITests */ = {
			isa = PBXNativeTarget;
			buildConfigurationList = 84DB58952979255A0058BBFF /* Build configuration list for PBXNativeTarget "Combine_Demo5UITests" */;
			buildPhases = (
				84DB58812979255A0058BBFF /* Sources */,
				84DB58822979255A0058BBFF /* Frameworks */,
				84DB58832979255A0058BBFF /* Resources */,
			);
			buildRules = (
			);
			dependencies = (
				84DB58872979255A0058BBFF /* PBXTargetDependency */,
			);
			name = Combine_Demo5UITests;
			productName = Combine_Demo5UITests;
			productReference = 84DB58852979255A0058BBFF /* Combine_Demo5UITests.xctest */;
			productType = "com.apple.product-type.bundle.ui-testing";
		};
/* End PBXNativeTarget section */

/* Begin PBXProject section */
		84DB585D297925580058BBFF /* Project object */ = {
			isa = PBXProject;
			attributes = {
				BuildIndependentTargetsInParallel = 1;
				LastSwiftUpdateCheck = 1300;
				LastUpgradeCheck = 1300;
				TargetAttributes = {
					84DB5864297925580058BBFF = {
						CreatedOnToolsVersion = 13.0;
					};
					84DB587A2979255A0058BBFF = {
						CreatedOnToolsVersion = 13.0;
						TestTargetID = 84DB5864297925580058BBFF;
					};
					84DB58842979255A0058BBFF = {
						CreatedOnToolsVersion = 13.0;
						TestTargetID = 84DB5864297925580058BBFF;
					};
				};
			};
			buildConfigurationList = 84DB5860297925580058BBFF /* Build configuration list for PBXProject "Combine_Demo5" */;
			compatibilityVersion = "Xcode 13.0";
			developmentRegion = en;
			hasScannedForEncodings = 0;
			knownRegions = (
				en,
				Base,
			);
			mainGroup = 84DB585C297925580058BBFF;
			productRefGroup = 84DB5866297925580058BBFF /* Products */;
			projectDirPath = "";
			projectRoot = "";
			targets = (
				84DB5864297925580058BBFF /* Combine_Demo5 */,
				84DB587A2979255A0058BBFF /* Combine_Demo5Tests */,
				84DB58842979255A0058BBFF /* Combine_Demo5UITests */,
			);
		};
/* End PBXProject section */

/* Begin PBXResourcesBuildPhase section */
		84DB5863297925580058BBFF /* Resources */ = {
			isa = PBXResourcesBuildPhase;
			buildActionMask = 2147483647;
			files = (
				84DB58752979255A0058BBFF /* LaunchScreen.storyboard in Resources */,
				84DB58722979255A0058BBFF /* Assets.xcassets in Resources */,
				84DB5870297925580058BBFF /* Main.storyboard in Resources */,
			);
			runOnlyForDeploymentPostprocessing = 0;
		};
		84DB58792979255A0058BBFF /* Resources */ = {
			isa = PBXResourcesBuildPhase;
			buildActionMask = 2147483647;
			files = (
			);
			runOnlyForDeploymentPostprocessing = 0;
		};
		84DB58832979255A0058BBFF /* Resources */ = {
			isa = PBXResourcesBuildPhase;
			buildActionMask = 2147483647;
			files = (
			);
			runOnlyForDeploymentPostprocessing = 0;
		};
/* End PBXResourcesBuildPhase section */

/* Begin PBXSourcesBuildPhase section */
		84DB5861297925580058BBFF /* Sources */ = {
			isa = PBXSourcesBuildPhase;
			buildActionMask = 2147483647;
			files = (
				84DB586D297925580058BBFF /* ViewController.swift in Sources */,
				84DB5869297925580058BBFF /* AppDelegate.swift in Sources */,
				84DB586B297925580058BBFF /* SceneDelegate.swift in Sources */,
			);
			runOnlyForDeploymentPostprocessing = 0;
		};
		84DB58772979255A0058BBFF /* Sources */ = {
			isa = PBXSourcesBuildPhase;
			buildActionMask = 2147483647;
			files = (
				84DB58802979255A0058BBFF /* Combine_Demo5Tests.swift in Sources */,
			);
			runOnlyForDeploymentPostprocessing = 0;
		};
		84DB58812979255A0058BBFF /* Sources */ = {
			isa = PBXSourcesBuildPhase;
			buildActionMask = 2147483647;
			files = (
				84DB588A2979255A0058BBFF /* Combine_Demo5UITests.swift in Sources */,
				84DB588C2979255A0058BBFF /* Combine_Demo5UITestsLaunchTests.swift in Sources */,
			);
			runOnlyForDeploymentPostprocessing = 0;
		};
/* End PBXSourcesBuildPhase section */

/* Begin PBXTargetDependency section */
		84DB587D2979255A0058BBFF /* PBXTargetDependency */ = {
			isa = PBXTargetDependency;
			target = 84DB5864297925580058BBFF /* Combine_Demo5 */;
			targetProxy = 84DB587C2979255A0058BBFF /* PBXContainerItemProxy */;
		};
		84DB58872979255A0058BBFF /* PBXTargetDependency */ = {
			isa = PBXTargetDependency;
			target = 84DB5864297925580058BBFF /* Combine_Demo5 */;
			targetProxy = 84DB58862979255A0058BBFF /* PBXContainerItemProxy */;
		};
/* End PBXTargetDependency section */

/* Begin PBXVariantGroup section */
		84DB586E297925580058BBFF /* Main.storyboard */ = {
			isa = PBXVariantGroup;
			children = (
				84DB586F297925580058BBFF /* Base */,
			);
			name = Main.storyboard;
			sourceTree = "<group>";
		};
		84DB58732979255A0058BBFF /* LaunchScreen.storyboard */ = {
			isa = PBXVariantGroup;
			children = (
				84DB58742979255A0058BBFF /* Base */,
			);
			name = LaunchScreen.storyboard;
			sourceTree = "<group>";
		};
/* End PBXVariantGroup section */

/* Begin XCBuildConfiguration section */
		84DB588D2979255A0058BBFF /* Debug */ = {
			isa = XCBuildConfiguration;
			buildSettings = {
				ALWAYS_SEARCH_USER_PATHS = NO;
				CLANG_ANALYZER_NONNULL = YES;
				CLANG_ANALYZER_NUMBER_OBJECT_CONVERSION = YES_AGGRESSIVE;
				CLANG_CXX_LANGUAGE_STANDARD = "gnu++17";
				CLANG_CXX_LIBRARY = "libc++";
				CLANG_ENABLE_MODULES = YES;
				CLANG_ENABLE_OBJC_ARC = YES;
				CLANG_ENABLE_OBJC_WEAK = YES;
				CLANG_WARN_BLOCK_CAPTURE_AUTORELEASING = YES;
				CLANG_WARN_BOOL_CONVERSION = YES;
				CLANG_WARN_COMMA = YES;
				CLANG_WARN_CONSTANT_CONVERSION = YES;
				CLANG_WARN_DEPRECATED_OBJC_IMPLEMENTATIONS = YES;
				CLANG_WARN_DIRECT_OBJC_ISA_USAGE = YES_ERROR;
				CLANG_WARN_DOCUMENTATION_COMMENTS = YES;
				CLANG_WARN_EMPTY_BODY = YES;
				CLANG_WARN_ENUM_CONVERSION = YES;
				CLANG_WARN_INFINITE_RECURSION = YES;
				CLANG_WARN_INT_CONVERSION = YES;
				CLANG_WARN_NON_LITERAL_NULL_CONVERSION = YES;
				CLANG_WARN_OBJC_IMPLICIT_RETAIN_SELF = YES;
				CLANG_WARN_OBJC_LITERAL_CONVERSION = YES;
				CLANG_WARN_OBJC_ROOT_CLASS = YES_ERROR;
				CLANG_WARN_QUOTED_INCLUDE_IN_FRAMEWORK_HEADER = YES;
				CLANG_WARN_RANGE_LOOP_ANALYSIS = YES;
				CLANG_WARN_STRICT_PROTOTYPES = YES;
				CLANG_WARN_SUSPICIOUS_MOVE = YES;
				CLANG_WARN_UNGUARDED_AVAILABILITY = YES_AGGRESSIVE;
				CLANG_WARN_UNREACHABLE_CODE = YES;
				CLANG_WARN__DUPLICATE_METHOD_MATCH = YES;
				COPY_PHASE_STRIP = NO;
				DEBUG_INFORMATION_FORMAT = dwarf;
				ENABLE_STRICT_OBJC_MSGSEND = YES;
				ENABLE_TESTABILITY = YES;
				GCC_C_LANGUAGE_STANDARD = gnu11;
				GCC_DYNAMIC_NO_PIC = NO;
				GCC_NO_COMMON_BLOCKS = YES;
				GCC_OPTIMIZATION_LEVEL = 0;
				GCC_PREPROCESSOR_DEFINITIONS = (
					"DEBUG=1",
					"$(inherited)",
				);
				GCC_WARN_64_TO_32_BIT_CONVERSION = YES;
				GCC_WARN_ABOUT_RETURN_TYPE = YES_ERROR;
				GCC_WARN_UNDECLARED_SELECTOR = YES;
				GCC_WARN_UNINITIALIZED_AUTOS = YES_AGGRESSIVE;
				GCC_WARN_UNUSED_FUNCTION = YES;
				GCC_WARN_UNUSED_VARIABLE = YES;
				IPHONEOS_DEPLOYMENT_TARGET = 15.0;
				MTL_ENABLE_DEBUG_INFO = INCLUDE_SOURCE;
				MTL_FAST_MATH = YES;
				ONLY_ACTIVE_ARCH = YES;
				SDKROOT = iphoneos;
				SWIFT_ACTIVE_COMPILATION_CONDITIONS = DEBUG;
				SWIFT_OPTIMIZATION_LEVEL = "-Onone";
			};
			name = Debug;
		};
		84DB588E2979255A0058BBFF /* Release */ = {
			isa = XCBuildConfiguration;
			buildSettings = {
				ALWAYS_SEARCH_USER_PATHS = NO;
				CLANG_ANALYZER_NONNULL = YES;
				CLANG_ANALYZER_NUMBER_OBJECT_CONVERSION = YES_AGGRESSIVE;
				CLANG_CXX_LANGUAGE_STANDARD = "gnu++17";
				CLANG_CXX_LIBRARY = "libc++";
				CLANG_ENABLE_MODULES = YES;
				CLANG_ENABLE_OBJC_ARC = YES;
				CLANG_ENABLE_OBJC_WEAK = YES;
				CLANG_WARN_BLOCK_CAPTURE_AUTORELEASING = YES;
				CLANG_WARN_BOOL_CONVERSION = YES;
				CLANG_WARN_COMMA = YES;
				CLANG_WARN_CONSTANT_CONVERSION = YES;
				CLANG_WARN_DEPRECATED_OBJC_IMPLEMENTATIONS = YES;
				CLANG_WARN_DIRECT_OBJC_ISA_USAGE = YES_ERROR;
				CLANG_WARN_DOCUMENTATION_COMMENTS = YES;
				CLANG_WARN_EMPTY_BODY = YES;
				CLANG_WARN_ENUM_CONVERSION = YES;
				CLANG_WARN_INFINITE_RECURSION = YES;
				CLANG_WARN_INT_CONVERSION = YES;
				CLANG_WARN_NON_LITERAL_NULL_CONVERSION = YES;
				CLANG_WARN_OBJC_IMPLICIT_RETAIN_SELF = YES;
				CLANG_WARN_OBJC_LITERAL_CONVERSION = YES;
				CLANG_WARN_OBJC_ROOT_CLASS = YES_ERROR;
				CLANG_WARN_QUOTED_INCLUDE_IN_FRAMEWORK_HEADER = YES;
				CLANG_WARN_RANGE_LOOP_ANALYSIS = YES;
				CLANG_WARN_STRICT_PROTOTYPES = YES;
				CLANG_WARN_SUSPICIOUS_MOVE = YES;
				CLANG_WARN_UNGUARDED_AVAILABILITY = YES_AGGRESSIVE;
				CLANG_WARN_UNREACHABLE_CODE = YES;
				CLANG_WARN__DUPLICATE_METHOD_MATCH = YES;
				COPY_PHASE_STRIP = NO;
				DEBUG_INFORMATION_FORMAT = "dwarf-with-dsym";
				ENABLE_NS_ASSERTIONS = NO;
				ENABLE_STRICT_OBJC_MSGSEND = YES;
				GCC_C_LANGUAGE_STANDARD = gnu11;
				GCC_NO_COMMON_BLOCKS = YES;
				GCC_WARN_64_TO_32_BIT_CONVERSION = YES;
				GCC_WARN_ABOUT_RETURN_TYPE = YES_ERROR;
				GCC_WARN_UNDECLARED_SELECTOR = YES;
				GCC_WARN_UNINITIALIZED_AUTOS = YES_AGGRESSIVE;
				GCC_WARN_UNUSED_FUNCTION = YES;
				GCC_WARN_UNUSED_VARIABLE = YES;
				IPHONEOS_DEPLOYMENT_TARGET = 15.0;
				MTL_ENABLE_DEBUG_INFO = NO;
				MTL_FAST_MATH = YES;
				SDKROOT = iphoneos;
				SWIFT_COMPILATION_MODE = wholemodule;
				SWIFT_OPTIMIZATION_LEVEL = "-O";
				VALIDATE_PRODUCT = YES;
			};
			name = Release;
		};
		84DB58902979255A0058BBFF /* Debug */ = {
			isa = XCBuildConfiguration;
			buildSettings = {
				ASSETCATALOG_COMPILER_APPICON_NAME = AppIcon;
				ASSETCATALOG_COMPILER_GLOBAL_ACCENT_COLOR_NAME = AccentColor;
				CODE_SIGN_STYLE = Automatic;
				CURRENT_PROJECT_VERSION = 1;
				GENERATE_INFOPLIST_FILE = YES;
				INFOPLIST_FILE = Combine_Demo5/Info.plist;
				INFOPLIST_KEY_UIApplicationSupportsIndirectInputEvents = YES;
				INFOPLIST_KEY_UILaunchStoryboardName = LaunchScreen;
				INFOPLIST_KEY_UIMainStoryboardFile = Main;
				INFOPLIST_KEY_UISupportedInterfaceOrientations_iPad = "UIInterfaceOrientationPortrait UIInterfaceOrientationPortraitUpsideDown UIInterfaceOrientationLandscapeLeft UIInterfaceOrientationLandscapeRight";
				INFOPLIST_KEY_UISupportedInterfaceOrientations_iPhone = "UIInterfaceOrientationPortrait UIInterfaceOrientationLandscapeLeft UIInterfaceOrientationLandscapeRight";
				LD_RUNPATH_SEARCH_PATHS = (
					"$(inherited)",
					"@executable_path/Frameworks",
				);
				MARKETING_VERSION = 1.0;
				PRODUCT_BUNDLE_IDENTIFIER = "com.mac.Combine-Demo5";
				PRODUCT_NAME = "$(TARGET_NAME)";
				SWIFT_EMIT_LOC_STRINGS = YES;
				SWIFT_VERSION = 5.0;
				TARGETED_DEVICE_FAMILY = "1,2";
			};
			name = Debug;
		};
		84DB58912979255A0058BBFF /* Release */ = {
			isa = XCBuildConfiguration;
			buildSettings = {
				ASSETCATALOG_COMPILER_APPICON_NAME = AppIcon;
				ASSETCATALOG_COMPILER_GLOBAL_ACCENT_COLOR_NAME = AccentColor;
				CODE_SIGN_STYLE = Automatic;
				CURRENT_PROJECT_VERSION = 1;
				GENERATE_INFOPLIST_FILE = YES;
				INFOPLIST_FILE = Combine_Demo5/Info.plist;
				INFOPLIST_KEY_UIApplicationSupportsIndirectInputEvents = YES;
				INFOPLIST_KEY_UILaunchStoryboardName = LaunchScreen;
				INFOPLIST_KEY_UIMainStoryboardFile = Main;
				INFOPLIST_KEY_UISupportedInterfaceOrientations_iPad = "UIInterfaceOrientationPortrait UIInterfaceOrientationPortraitUpsideDown UIInterfaceOrientationLandscapeLeft UIInterfaceOrientationLandscapeRight";
				INFOPLIST_KEY_UISupportedInterfaceOrientations_iPhone = "UIInterfaceOrientationPortrait UIInterfaceOrientationLandscapeLeft UIInterfaceOrientationLandscapeRight";
				LD_RUNPATH_SEARCH_PATHS = (
					"$(inherited)",
					"@executable_path/Frameworks",
				);
				MARKETING_VERSION = 1.0;
				PRODUCT_BUNDLE_IDENTIFIER = "com.mac.Combine-Demo5";
				PRODUCT_NAME = "$(TARGET_NAME)";
				SWIFT_EMIT_LOC_STRINGS = YES;
				SWIFT_VERSION = 5.0;
				TARGETED_DEVICE_FAMILY = "1,2";
			};
			name = Release;
		};
		84DB58932979255A0058BBFF /* Debug */ = {
			isa = XCBuildConfiguration;
			buildSettings = {
				ALWAYS_EMBED_SWIFT_STANDARD_LIBRARIES = YES;
				BUNDLE_LOADER = "$(TEST_HOST)";
				CODE_SIGN_STYLE = Automatic;
				CURRENT_PROJECT_VERSION = 1;
				GENERATE_INFOPLIST_FILE = YES;
				IPHONEOS_DEPLOYMENT_TARGET = 15.0;
				LD_RUNPATH_SEARCH_PATHS = (
					"$(inherited)",
					"@executable_path/Frameworks",
					"@loader_path/Frameworks",
				);
				MARKETING_VERSION = 1.0;
				PRODUCT_BUNDLE_IDENTIFIER = "com.mac.Combine-Demo5Tests";
				PRODUCT_NAME = "$(TARGET_NAME)";
				SWIFT_EMIT_LOC_STRINGS = NO;
				SWIFT_VERSION = 5.0;
				TARGETED_DEVICE_FAMILY = "1,2";
				TEST_HOST = "$(BUILT_PRODUCTS_DIR)/Combine_Demo5.app/Combine_Demo5";
			};
			name = Debug;
		};
		84DB58942979255A0058BBFF /* Release */ = {
			isa = XCBuildConfiguration;
			buildSettings = {
				ALWAYS_EMBED_SWIFT_STANDARD_LIBRARIES = YES;
				BUNDLE_LOADER = "$(TEST_HOST)";
				CODE_SIGN_STYLE = Automatic;
				CURRENT_PROJECT_VERSION = 1;
				GENERATE_INFOPLIST_FILE = YES;
				IPHONEOS_DEPLOYMENT_TARGET = 15.0;
				LD_RUNPATH_SEARCH_PATHS = (
					"$(inherited)",
					"@executable_path/Frameworks",
					"@loader_path/Frameworks",
				);
				MARKETING_VERSION = 1.0;
				PRODUCT_BUNDLE_IDENTIFIER = "com.mac.Combine-Demo5Tests";
				PRODUCT_NAME = "$(TARGET_NAME)";
				SWIFT_EMIT_LOC_STRINGS = NO;
				SWIFT_VERSION = 5.0;
				TARGETED_DEVICE_FAMILY = "1,2";
				TEST_HOST = "$(BUILT_PRODUCTS_DIR)/Combine_Demo5.app/Combine_Demo5";
			};
			name = Release;
		};
		84DB58962979255A0058BBFF /* Debug */ = {
			isa = XCBuildConfiguration;
			buildSettings = {
				ALWAYS_EMBED_SWIFT_STANDARD_LIBRARIES = YES;
				CODE_SIGN_STYLE = Automatic;
				CURRENT_PROJECT_VERSION = 1;
				GENERATE_INFOPLIST_FILE = YES;
				LD_RUNPATH_SEARCH_PATHS = (
					"$(inherited)",
					"@executable_path/Frameworks",
					"@loader_path/Frameworks",
				);
				MARKETING_VERSION = 1.0;
				PRODUCT_BUNDLE_IDENTIFIER = "com.mac.Combine-Demo5UITests";
				PRODUCT_NAME = "$(TARGET_NAME)";
				SWIFT_EMIT_LOC_STRINGS = NO;
				SWIFT_VERSION = 5.0;
				TARGETED_DEVICE_FAMILY = "1,2";
				TEST_TARGET_NAME = Combine_Demo5;
			};
			name = Debug;
		};
		84DB58972979255A0058BBFF /* Release */ = {
			isa = XCBuildConfiguration;
			buildSettings = {
				ALWAYS_EMBED_SWIFT_STANDARD_LIBRARIES = YES;
				CODE_SIGN_STYLE = Automatic;
				CURRENT_PROJECT_VERSION = 1;
				GENERATE_INFOPLIST_FILE = YES;
				LD_RUNPATH_SEARCH_PATHS = (
					"$(inherited)",
					"@executable_path/Frameworks",
					"@loader_path/Frameworks",
				);
				MARKETING_VERSION = 1.0;
				PRODUCT_BUNDLE_IDENTIFIER = "com.mac.Combine-Demo5UITests";
				PRODUCT_NAME = "$(TARGET_NAME)";
				SWIFT_EMIT_LOC_STRINGS = NO;
				SWIFT_VERSION = 5.0;
				TARGETED_DEVICE_FAMILY = "1,2";
				TEST_TARGET_NAME = Combine_Demo5;
			};
			name = Release;
		};
/* End XCBuildConfiguration section */

/* Begin XCConfigurationList section */
		84DB5860297925580058BBFF /* Build configuration list for PBXProject "Combine_Demo5" */ = {
			isa = XCConfigurationList;
			buildConfigurations = (
				84DB588D2979255A0058BBFF /* Debug */,
				84DB588E2979255A0058BBFF /* Release */,
			);
			defaultConfigurationIsVisible = 0;
			defaultConfigurationName = Release;
		};
		84DB588F2979255A0058BBFF /* Build configuration list for PBXNativeTarget "Combine_Demo5" */ = {
			isa = XCConfigurationList;
			buildConfigurations = (
				84DB58902979255A0058BBFF /* Debug */,
				84DB58912979255A0058BBFF /* Release */,
			);
			defaultConfigurationIsVisible = 0;
			defaultConfigurationName = Release;
		};
		84DB58922979255A0058BBFF /* Build configuration list for PBXNativeTarget "Combine_Demo5Tests" */ = {
			isa = XCConfigurationList;
			buildConfigurations = (
				84DB58932979255A0058BBFF /* Debug */,
				84DB58942979255A0058BBFF /* Release */,
			);
			defaultConfigurationIsVisible = 0;
			defaultConfigurationName = Release;
		};
		84DB58952979255A0058BBFF /* Build configuration list for PBXNativeTarget "Combine_Demo5UITests" */ = {
			isa = XCConfigurationList;
			buildConfigurations = (
				84DB58962979255A0058BBFF /* Debug */,
				84DB58972979255A0058BBFF /* Release */,
			);
			defaultConfigurationIsVisible = 0;
			defaultConfigurationName = Release;
		};
/* End XCConfigurationList section */
	};
	rootObject = 84DB585D297925580058BBFF /* Project object */;
}
